
Microsoft Visual Studio Solution File, Format Version 12.00
# Visual Studio 14
VisualStudioVersion = 14.0.25420.1
MinimumVisualStudioVersion = 10.0.40219.1
Project("{F14B399A-7131-4C87-9E4B-1186C45EF12D}") = "Field IT Reports", "Engineering\Field IT Reports.rptproj", "{F107F30F-5502-4A76-A5AE-52CB710BB2FF}"
EndProject
Project("{F14B399A-7131-4C87-9E4B-1186C45EF12D}") = "OSS Reporting", "OSS Reporting\OSS Reporting.rptproj", "{A402AF55-24C4-4CD0-82F7-3253A5F51492}"
EndProject
Project("{F14B399A-7131-4C87-9E4B-1186C45EF12D}") = "Video Engineering", "Video Engineering\Video Engineering.rptproj", "{4725C384-0A2C-45DD-B6EF-AC4B331178EC}"
EndProject
Project("{F14B399A-7131-4C87-9E4B-1186C45EF12D}") = "UnderDevelopment", "Device Centric Reporting\UnderDevelopment.rptproj", "{709F4067-1D10-41E5-AF45-9F28EFD7EE50}"
EndProject
Global
	GlobalSection(SolutionConfigurationPlatforms) = preSolution
		Debug|Any CPU = Debug|Any CPU
		DebugLocal|Any CPU = DebugLocal|Any CPU
		Release|Any CPU = Release|Any CPU
	EndGlobalSection
	GlobalSection(ProjectConfigurationPlatforms) = postSolution
		{F107F30F-5502-4A76-A5AE-52CB710BB2FF}.Debug|Any CPU.ActiveCfg = Debug
		{F107F30F-5502-4A76-A5AE-52CB710BB2FF}.Debug|Any CPU.Build.0 = Debug
		{F107F30F-5502-4A76-A5AE-52CB710BB2FF}.Debug|Any CPU.Deploy.0 = Debug
		{F107F30F-5502-4A76-A5AE-52CB710BB2FF}.DebugLocal|Any CPU.ActiveCfg = DebugLocal
		{F107F30F-5502-4A76-A5AE-52CB710BB2FF}.DebugLocal|Any CPU.Build.0 = DebugLocal
		{F107F30F-5502-4A76-A5AE-52CB710BB2FF}.DebugLocal|Any CPU.Deploy.0 = DebugLocal
		{F107F30F-5502-4A76-A5AE-52CB710BB2FF}.Release|Any CPU.ActiveCfg = Release
		{F107F30F-5502-4A76-A5AE-52CB710BB2FF}.Release|Any CPU.Build.0 = Release
		{F107F30F-5502-4A76-A5AE-52CB710BB2FF}.Release|Any CPU.Deploy.0 = Release
		{A402AF55-24C4-4CD0-82F7-3253A5F51492}.Debug|Any CPU.ActiveCfg = Debug
		{A402AF55-24C4-4CD0-82F7-3253A5F51492}.Debug|Any CPU.Build.0 = Debug
		{A402AF55-24C4-4CD0-82F7-3253A5F51492}.Debug|Any CPU.Deploy.0 = Debug
		{A402AF55-24C4-4CD0-82F7-3253A5F51492}.DebugLocal|Any CPU.ActiveCfg = DebugLocal
		{A402AF55-24C4-4CD0-82F7-3253A5F51492}.DebugLocal|Any CPU.Build.0 = DebugLocal
		{A402AF55-24C4-4CD0-82F7-3253A5F51492}.DebugLocal|Any CPU.Deploy.0 = DebugLocal
		{A402AF55-24C4-4CD0-82F7-3253A5F51492}.Release|Any CPU.ActiveCfg = Release
		{A402AF55-24C4-4CD0-82F7-3253A5F51492}.Release|Any CPU.Build.0 = Release
		{A402AF55-24C4-4CD0-82F7-3253A5F51492}.Release|Any CPU.Deploy.0 = Release
		{4725C384-0A2C-45DD-B6EF-AC4B331178EC}.Debug|Any CPU.ActiveCfg = Debug
		{4725C384-0A2C-45DD-B6EF-AC4B331178EC}.Debug|Any CPU.Build.0 = Debug
		{4725C384-0A2C-45DD-B6EF-AC4B331178EC}.Debug|Any CPU.Deploy.0 = Debug
		{4725C384-0A2C-45DD-B6EF-AC4B331178EC}.DebugLocal|Any CPU.ActiveCfg = DebugLocal
		{4725C384-0A2C-45DD-B6EF-AC4B331178EC}.DebugLocal|Any CPU.Build.0 = DebugLocal
		{4725C384-0A2C-45DD-B6EF-AC4B331178EC}.DebugLocal|Any CPU.Deploy.0 = DebugLocal
		{4725C384-0A2C-45DD-B6EF-AC4B331178EC}.Release|Any CPU.ActiveCfg = Release
		{4725C384-0A2C-45DD-B6EF-AC4B331178EC}.Release|Any CPU.Build.0 = Release
		{4725C384-0A2C-45DD-B6EF-AC4B331178EC}.Release|Any CPU.Deploy.0 = Release
		{709F4067-1D10-41E5-AF45-9F28EFD7EE50}.Debug|Any CPU.ActiveCfg = Debug
		{709F4067-1D10-41E5-AF45-9F28EFD7EE50}.Debug|Any CPU.Build.0 = Debug
		{709F4067-1D10-41E5-AF45-9F28EFD7EE50}.Debug|Any CPU.Deploy.0 = Debug
		{709F4067-1D10-41E5-AF45-9F28EFD7EE50}.DebugLocal|Any CPU.ActiveCfg = DebugLocal
		{709F4067-1D10-41E5-AF45-9F28EFD7EE50}.DebugLocal|Any CPU.Build.0 = DebugLocal
		{709F4067-1D10-41E5-AF45-9F28EFD7EE50}.DebugLocal|Any CPU.Deploy.0 = DebugLocal
		{709F4067-1D10-41E5-AF45-9F28EFD7EE50}.Release|Any CPU.ActiveCfg = Release
		{709F4067-1D10-41E5-AF45-9F28EFD7EE50}.Release|Any CPU.Build.0 = Release
		{709F4067-1D10-41E5-AF45-9F28EFD7EE50}.Release|Any CPU.Deploy.0 = Release
	EndGlobalSection
	GlobalSection(SolutionProperties) = preSolution
		HideSolutionNode = FALSE
	EndGlobalSection
EndGlobal
