
Microsoft Visual Studio Solution File, Format Version 12.00
# Visual Studio 14
VisualStudioVersion = 14.0.25420.1
MinimumVisualStudioVersion = 10.0.40219.1
Project("{F14B399A-7131-4C87-9E4B-1186C45EF12D}") = "Device Centric Reporting", "Device Centric Reporting\Device Centric Reporting.rptproj", "{818D28A4-7209-46D3-A4BA-B8AD629CA80B}"
EndProject
Global
	GlobalSection(SolutionConfigurationPlatforms) = preSolution
		Debug|Default = Debug|Default
		DebugLocal|Default = DebugLocal|Default
		Release|Default = Release|Default
	EndGlobalSection
	GlobalSection(ProjectConfigurationPlatforms) = postSolution
		{818D28A4-7209-46D3-A4BA-B8AD629CA80B}.Debug|Default.ActiveCfg = Debug
		{818D28A4-7209-46D3-A4BA-B8AD629CA80B}.Debug|Default.Build.0 = Debug
		{818D28A4-7209-46D3-A4BA-B8AD629CA80B}.Debug|Default.Deploy.0 = Debug
		{818D28A4-7209-46D3-A4BA-B8AD629CA80B}.DebugLocal|Default.ActiveCfg = DebugLocal
		{818D28A4-7209-46D3-A4BA-B8AD629CA80B}.DebugLocal|Default.Build.0 = DebugLocal
		{818D28A4-7209-46D3-A4BA-B8AD629CA80B}.Release|Default.ActiveCfg = Release
		{818D28A4-7209-46D3-A4BA-B8AD629CA80B}.Release|Default.Build.0 = Release
		{818D28A4-7209-46D3-A4BA-B8AD629CA80B}.Release|Default.Deploy.0 = Release
	EndGlobalSection
	GlobalSection(SolutionProperties) = preSolution
		HideSolutionNode = FALSE
	EndGlobalSection
EndGlobal
